
Microsoft Visual Studio Solution File, Format Version 12.00
# Visual Studio Version 16
VisualStudioVersion = 25.0.1700.0
MinimumVisualStudioVersion = 10.0.40219.1
Project("{FAE04EC0-301F-11D3-BF4B-00C04F79EFBC}") = "UrlShortener", "UrlShortener.csproj", "{8A1587B1-EA96-427A-BCEB-A79CD1CC654A}"
EndProject
Project("{E53339B2-1760-4266-BCC7-CA923CBCF16C}") = "docker-compose", "docker-compose.dcproj", "{82F641C2-EC72-4AB9-885D-1CD689282982}"
EndProject
Global
	GlobalSection(SolutionConfigurationPlatforms) = preSolution
		Debug|Any CPU = Debug|Any CPU
		Release|Any CPU = Release|Any CPU
	EndGlobalSection
	GlobalSection(ProjectConfigurationPlatforms) = postSolution
		{8A1587B1-EA96-427A-BCEB-A79CD1CC654A}.Debug|Any CPU.ActiveCfg = Debug|Any CPU
		{8A1587B1-EA96-427A-BCEB-A79CD1CC654A}.Debug|Any CPU.Build.0 = Debug|Any CPU
		{8A1587B1-EA96-427A-BCEB-A79CD1CC654A}.Release|Any CPU.ActiveCfg = Release|Any CPU
		{8A1587B1-EA96-427A-BCEB-A79CD1CC654A}.Release|Any CPU.Build.0 = Release|Any CPU
		{82F641C2-EC72-4AB9-885D-1CD689282982}.Debug|Any CPU.ActiveCfg = Debug|Any CPU
		{82F641C2-EC72-4AB9-885D-1CD689282982}.Debug|Any CPU.Build.0 = Debug|Any CPU
		{82F641C2-EC72-4AB9-885D-1CD689282982}.Release|Any CPU.ActiveCfg = Release|Any CPU
		{82F641C2-EC72-4AB9-885D-1CD689282982}.Release|Any CPU.Build.0 = Release|Any CPU
	EndGlobalSection
	GlobalSection(SolutionProperties) = preSolution
		HideSolutionNode = FALSE
	EndGlobalSection
	GlobalSection(ExtensibilityGlobals) = postSolution
		SolutionGuid = {A24987DA-3212-423B-9D2B-9A8695E412E6}
	EndGlobalSection
EndGlobal
